
Microsoft Visual Studio Solution File, Format Version 12.00
# Visual Studio Version 17
VisualStudioVersion = 17.0.31903.59
MinimumVisualStudioVersion = 10.0.40219.1
Project("{9A19103F-16F7-4668-BE54-9A1E7A4F7556}") = "FOV.Domain", "FOV.Domain\FOV.Domain.csproj", "{16EB6CE6-B29E-43AD-AA6B-37A4476A5105}"
EndProject
Project("{9A19103F-16F7-4668-BE54-9A1E7A4F7556}") = "FOV.Infrastructure", "FOV.Infrastructure\FOV.Infrastructure.csproj", "{C8C2A44A-1589-4FA2-A225-BB1EF28A0052}"
EndProject
Project("{9A19103F-16F7-4668-BE54-9A1E7A4F7556}") = "FOV.Application", "FOV.Application\FOV.Application.csproj", "{455E087D-FD78-403D-847D-E9BB09E05780}"
EndProject
Project("{9A19103F-16F7-4668-BE54-9A1E7A4F7556}") = "FOV.Presentation", "FOV.Presentation\FOV.Presentation.csproj", "{51DE35C1-7B90-40D0-A668-CC4E5D3E5F2D}"
EndProject
Project("{2150E333-8FDC-42A3-9474-1A3956D46DE8}") = "src", "src", "{B5E13B97-A65B-4FCC-8FBF-CD0B3F91A7E9}"
EndProject
Project("{2150E333-8FDC-42A3-9474-1A3956D46DE8}") = "test", "test", "{F82B871B-7157-4E3A-BEF9-6E8E2046F7A7}"
EndProject
Project("{2150E333-8FDC-42A3-9474-1A3956D46DE8}") = "unit", "unit", "{8B34D356-F5A1-4793-B1AE-24FBE52783B2}"
EndProject
Project("{2150E333-8FDC-42A3-9474-1A3956D46DE8}") = "integration", "integration", "{1D73754E-A7C6-4106-83F7-A5FA820380D6}"
EndProject
Project("{FAE04EC0-301F-11D3-BF4B-00C04F79EFBC}") = "API.Test", "API.Test\API.Test.csproj", "{609D53F1-F61C-458A-8740-4058E974123A}"
EndProject
Project("{FAE04EC0-301F-11D3-BF4B-00C04F79EFBC}") = "Application.Test", "Application.Test\Application.Test.csproj", "{E07B1DAF-E07F-43C9-846D-E28A6ECF3A41}"
EndProject
Project("{FAE04EC0-301F-11D3-BF4B-00C04F79EFBC}") = "Infrastructure.Test", "Infrastructure.Test\Infrastructure.Test.csproj", "{8EB136A8-C564-466B-84B2-F1253692AA71}"
EndProject
Project("{FAE04EC0-301F-11D3-BF4B-00C04F79EFBC}") = "Domain.Test", "Domain.Test\Domain.Test.csproj", "{994E6C1A-5A0D-4D0A-9045-E9FA9E9D8D02}"
EndProject
Project("{FAE04EC0-301F-11D3-BF4B-00C04F79EFBC}") = "API.IntegrationTest", "API.IntegrationTest\API.IntegrationTest.csproj", "{AEDE33FF-A7CB-4FAE-BE2A-9974B1351CF3}"
EndProject
Global
	GlobalSection(SolutionConfigurationPlatforms) = preSolution
		Debug|Any CPU = Debug|Any CPU
		Release|Any CPU = Release|Any CPU
	EndGlobalSection
	GlobalSection(ProjectConfigurationPlatforms) = postSolution
		{16EB6CE6-B29E-43AD-AA6B-37A4476A5105}.Debug|Any CPU.ActiveCfg = Debug|Any CPU
		{16EB6CE6-B29E-43AD-AA6B-37A4476A5105}.Debug|Any CPU.Build.0 = Debug|Any CPU
		{16EB6CE6-B29E-43AD-AA6B-37A4476A5105}.Release|Any CPU.ActiveCfg = Release|Any CPU
		{16EB6CE6-B29E-43AD-AA6B-37A4476A5105}.Release|Any CPU.Build.0 = Release|Any CPU
		{C8C2A44A-1589-4FA2-A225-BB1EF28A0052}.Debug|Any CPU.ActiveCfg = Debug|Any CPU
		{C8C2A44A-1589-4FA2-A225-BB1EF28A0052}.Debug|Any CPU.Build.0 = Debug|Any CPU
		{C8C2A44A-1589-4FA2-A225-BB1EF28A0052}.Release|Any CPU.ActiveCfg = Release|Any CPU
		{C8C2A44A-1589-4FA2-A225-BB1EF28A0052}.Release|Any CPU.Build.0 = Release|Any CPU
		{455E087D-FD78-403D-847D-E9BB09E05780}.Debug|Any CPU.ActiveCfg = Debug|Any CPU
		{455E087D-FD78-403D-847D-E9BB09E05780}.Debug|Any CPU.Build.0 = Debug|Any CPU
		{455E087D-FD78-403D-847D-E9BB09E05780}.Release|Any CPU.ActiveCfg = Release|Any CPU
		{455E087D-FD78-403D-847D-E9BB09E05780}.Release|Any CPU.Build.0 = Release|Any CPU
		{51DE35C1-7B90-40D0-A668-CC4E5D3E5F2D}.Debug|Any CPU.ActiveCfg = Debug|Any CPU
		{51DE35C1-7B90-40D0-A668-CC4E5D3E5F2D}.Debug|Any CPU.Build.0 = Debug|Any CPU
		{51DE35C1-7B90-40D0-A668-CC4E5D3E5F2D}.Release|Any CPU.ActiveCfg = Release|Any CPU
		{51DE35C1-7B90-40D0-A668-CC4E5D3E5F2D}.Release|Any CPU.Build.0 = Release|Any CPU
		{609D53F1-F61C-458A-8740-4058E974123A}.Debug|Any CPU.ActiveCfg = Debug|Any CPU
		{609D53F1-F61C-458A-8740-4058E974123A}.Debug|Any CPU.Build.0 = Debug|Any CPU
		{609D53F1-F61C-458A-8740-4058E974123A}.Release|Any CPU.ActiveCfg = Release|Any CPU
		{609D53F1-F61C-458A-8740-4058E974123A}.Release|Any CPU.Build.0 = Release|Any CPU
		{E07B1DAF-E07F-43C9-846D-E28A6ECF3A41}.Debug|Any CPU.ActiveCfg = Debug|Any CPU
		{E07B1DAF-E07F-43C9-846D-E28A6ECF3A41}.Debug|Any CPU.Build.0 = Debug|Any CPU
		{E07B1DAF-E07F-43C9-846D-E28A6ECF3A41}.Release|Any CPU.ActiveCfg = Release|Any CPU
		{E07B1DAF-E07F-43C9-846D-E28A6ECF3A41}.Release|Any CPU.Build.0 = Release|Any CPU
		{8EB136A8-C564-466B-84B2-F1253692AA71}.Debug|Any CPU.ActiveCfg = Debug|Any CPU
		{8EB136A8-C564-466B-84B2-F1253692AA71}.Debug|Any CPU.Build.0 = Debug|Any CPU
		{8EB136A8-C564-466B-84B2-F1253692AA71}.Release|Any CPU.ActiveCfg = Release|Any CPU
		{8EB136A8-C564-466B-84B2-F1253692AA71}.Release|Any CPU.Build.0 = Release|Any CPU
		{994E6C1A-5A0D-4D0A-9045-E9FA9E9D8D02}.Debug|Any CPU.ActiveCfg = Debug|Any CPU
		{994E6C1A-5A0D-4D0A-9045-E9FA9E9D8D02}.Debug|Any CPU.Build.0 = Debug|Any CPU
		{994E6C1A-5A0D-4D0A-9045-E9FA9E9D8D02}.Release|Any CPU.ActiveCfg = Release|Any CPU
		{994E6C1A-5A0D-4D0A-9045-E9FA9E9D8D02}.Release|Any CPU.Build.0 = Release|Any CPU
		{AEDE33FF-A7CB-4FAE-BE2A-9974B1351CF3}.Debug|Any CPU.ActiveCfg = Debug|Any CPU
		{AEDE33FF-A7CB-4FAE-BE2A-9974B1351CF3}.Debug|Any CPU.Build.0 = Debug|Any CPU
		{AEDE33FF-A7CB-4FAE-BE2A-9974B1351CF3}.Release|Any CPU.ActiveCfg = Release|Any CPU
		{AEDE33FF-A7CB-4FAE-BE2A-9974B1351CF3}.Release|Any CPU.Build.0 = Release|Any CPU
	EndGlobalSection
	GlobalSection(SolutionProperties) = preSolution
		HideSolutionNode = FALSE
	EndGlobalSection
	GlobalSection(NestedProjects) = preSolution
		{16EB6CE6-B29E-43AD-AA6B-37A4476A5105} = {B5E13B97-A65B-4FCC-8FBF-CD0B3F91A7E9}
		{C8C2A44A-1589-4FA2-A225-BB1EF28A0052} = {B5E13B97-A65B-4FCC-8FBF-CD0B3F91A7E9}
		{455E087D-FD78-403D-847D-E9BB09E05780} = {B5E13B97-A65B-4FCC-8FBF-CD0B3F91A7E9}
		{51DE35C1-7B90-40D0-A668-CC4E5D3E5F2D} = {B5E13B97-A65B-4FCC-8FBF-CD0B3F91A7E9}
		{8B34D356-F5A1-4793-B1AE-24FBE52783B2} = {F82B871B-7157-4E3A-BEF9-6E8E2046F7A7}
		{1D73754E-A7C6-4106-83F7-A5FA820380D6} = {F82B871B-7157-4E3A-BEF9-6E8E2046F7A7}
		{609D53F1-F61C-458A-8740-4058E974123A} = {8B34D356-F5A1-4793-B1AE-24FBE52783B2}
		{E07B1DAF-E07F-43C9-846D-E28A6ECF3A41} = {8B34D356-F5A1-4793-B1AE-24FBE52783B2}
		{8EB136A8-C564-466B-84B2-F1253692AA71} = {8B34D356-F5A1-4793-B1AE-24FBE52783B2}
		{994E6C1A-5A0D-4D0A-9045-E9FA9E9D8D02} = {8B34D356-F5A1-4793-B1AE-24FBE52783B2}
		{AEDE33FF-A7CB-4FAE-BE2A-9974B1351CF3} = {1D73754E-A7C6-4106-83F7-A5FA820380D6}
	EndGlobalSection
	GlobalSection(ExtensibilityGlobals) = postSolution
		SolutionGuid = {BF2DF2B2-ED25-4794-BBB4-FF2E7E722E0D}
	EndGlobalSection
EndGlobal
